
Microsoft Visual Studio Solution File, Format Version 12.00
# Visual Studio Version 17
VisualStudioVersion = 17.7.34221.43
MinimumVisualStudioVersion = 10.0.40219.1
Project("{FAE04EC0-301F-11D3-BF4B-00C04F79EFBC}") = "desafioAWSescola", "desafioAWSescola\desafioAWSescola.csproj", "{933BC980-CD32-4DBA-967A-245BFBB5973F}"
EndProject
Global
	GlobalSection(SolutionConfigurationPlatforms) = preSolution
		Debug|Any CPU = Debug|Any CPU
		Release|Any CPU = Release|Any CPU
	EndGlobalSection
	GlobalSection(ProjectConfigurationPlatforms) = postSolution
		{933BC980-CD32-4DBA-967A-245BFBB5973F}.Debug|Any CPU.ActiveCfg = Debug|Any CPU
		{933BC980-CD32-4DBA-967A-245BFBB5973F}.Debug|Any CPU.Build.0 = Debug|Any CPU
		{933BC980-CD32-4DBA-967A-245BFBB5973F}.Release|Any CPU.ActiveCfg = Release|Any CPU
		{933BC980-CD32-4DBA-967A-245BFBB5973F}.Release|Any CPU.Build.0 = Release|Any CPU
	EndGlobalSection
	GlobalSection(SolutionProperties) = preSolution
		HideSolutionNode = FALSE
	EndGlobalSection
	GlobalSection(ExtensibilityGlobals) = postSolution
		SolutionGuid = {AD0040B4-7389-4307-8627-7B1F22D7CADD}
	EndGlobalSection
EndGlobal
